
Microsoft Visual Studio Solution File, Format Version 12.00
# Visual Studio Version 16
VisualStudioVersion = 16.0.32802.440
MinimumVisualStudioVersion = 10.0.40219.1
Project("{8BC9CEB8-8B4A-11D0-8D11-00A0C91BC942}") = "20220914_kgs_test1", "20220914_kgs_test1\20220914_kgs_test1.vcxproj", "{AA096DA6-2275-4C86-B1D1-7FE1395A0AC5}"
EndProject
Global
	GlobalSection(SolutionConfigurationPlatforms) = preSolution
		Debug|x64 = Debug|x64
		Debug|x86 = Debug|x86
		Release|x64 = Release|x64
		Release|x86 = Release|x86
	EndGlobalSection
	GlobalSection(ProjectConfigurationPlatforms) = postSolution
		{AA096DA6-2275-4C86-B1D1-7FE1395A0AC5}.Debug|x64.ActiveCfg = Debug|x64
		{AA096DA6-2275-4C86-B1D1-7FE1395A0AC5}.Debug|x64.Build.0 = Debug|x64
		{AA096DA6-2275-4C86-B1D1-7FE1395A0AC5}.Debug|x86.ActiveCfg = Debug|Win32
		{AA096DA6-2275-4C86-B1D1-7FE1395A0AC5}.Debug|x86.Build.0 = Debug|Win32
		{AA096DA6-2275-4C86-B1D1-7FE1395A0AC5}.Release|x64.ActiveCfg = Release|x64
		{AA096DA6-2275-4C86-B1D1-7FE1395A0AC5}.Release|x64.Build.0 = Release|x64
		{AA096DA6-2275-4C86-B1D1-7FE1395A0AC5}.Release|x86.ActiveCfg = Release|Win32
		{AA096DA6-2275-4C86-B1D1-7FE1395A0AC5}.Release|x86.Build.0 = Release|Win32
	EndGlobalSection
	GlobalSection(SolutionProperties) = preSolution
		HideSolutionNode = FALSE
	EndGlobalSection
	GlobalSection(ExtensibilityGlobals) = postSolution
		SolutionGuid = {4EC72932-119D-470E-8F9A-D6EC619EFB98}
	EndGlobalSection
EndGlobal
