
Microsoft Visual Studio Solution File, Format Version 12.00
# Visual Studio Version 16
VisualStudioVersion = 16.0.32802.440
MinimumVisualStudioVersion = 10.0.40219.1
Project("{8BC9CEB8-8B4A-11D0-8D11-00A0C91BC942}") = "20220907_kgs_test1", "20220907_kgs_test1\20220907_kgs_test1.vcxproj", "{46A10BFF-94AF-4EDC-945C-A5D1BF3F0EFC}"
EndProject
Global
	GlobalSection(SolutionConfigurationPlatforms) = preSolution
		Debug|x64 = Debug|x64
		Debug|x86 = Debug|x86
		Release|x64 = Release|x64
		Release|x86 = Release|x86
	EndGlobalSection
	GlobalSection(ProjectConfigurationPlatforms) = postSolution
		{46A10BFF-94AF-4EDC-945C-A5D1BF3F0EFC}.Debug|x64.ActiveCfg = Debug|x64
		{46A10BFF-94AF-4EDC-945C-A5D1BF3F0EFC}.Debug|x64.Build.0 = Debug|x64
		{46A10BFF-94AF-4EDC-945C-A5D1BF3F0EFC}.Debug|x86.ActiveCfg = Debug|Win32
		{46A10BFF-94AF-4EDC-945C-A5D1BF3F0EFC}.Debug|x86.Build.0 = Debug|Win32
		{46A10BFF-94AF-4EDC-945C-A5D1BF3F0EFC}.Release|x64.ActiveCfg = Release|x64
		{46A10BFF-94AF-4EDC-945C-A5D1BF3F0EFC}.Release|x64.Build.0 = Release|x64
		{46A10BFF-94AF-4EDC-945C-A5D1BF3F0EFC}.Release|x86.ActiveCfg = Release|Win32
		{46A10BFF-94AF-4EDC-945C-A5D1BF3F0EFC}.Release|x86.Build.0 = Release|Win32
	EndGlobalSection
	GlobalSection(SolutionProperties) = preSolution
		HideSolutionNode = FALSE
	EndGlobalSection
	GlobalSection(ExtensibilityGlobals) = postSolution
		SolutionGuid = {60BA2424-9608-42A4-AA09-964D1DBE9A56}
	EndGlobalSection
EndGlobal
